
Microsoft Visual Studio Solution File, Format Version 12.00
# Visual Studio Version 16
VisualStudioVersion = 16.0.31624.102
MinimumVisualStudioVersion = 10.0.40219.1
Project("{8BC9CEB8-8B4A-11D0-8D11-00A0C91BC942}") = "乘法表", "乘法表\乘法表.vcxproj", "{AD0A78A3-24C2-4AB2-A0B9-86C236D7B8C9}"
EndProject
Global
	GlobalSection(SolutionConfigurationPlatforms) = preSolution
		Debug|x64 = Debug|x64
		Debug|x86 = Debug|x86
		Release|x64 = Release|x64
		Release|x86 = Release|x86
	EndGlobalSection
	GlobalSection(ProjectConfigurationPlatforms) = postSolution
		{AD0A78A3-24C2-4AB2-A0B9-86C236D7B8C9}.Debug|x64.ActiveCfg = Debug|x64
		{AD0A78A3-24C2-4AB2-A0B9-86C236D7B8C9}.Debug|x64.Build.0 = Debug|x64
		{AD0A78A3-24C2-4AB2-A0B9-86C236D7B8C9}.Debug|x86.ActiveCfg = Debug|Win32
		{AD0A78A3-24C2-4AB2-A0B9-86C236D7B8C9}.Debug|x86.Build.0 = Debug|Win32
		{AD0A78A3-24C2-4AB2-A0B9-86C236D7B8C9}.Release|x64.ActiveCfg = Release|x64
		{AD0A78A3-24C2-4AB2-A0B9-86C236D7B8C9}.Release|x64.Build.0 = Release|x64
		{AD0A78A3-24C2-4AB2-A0B9-86C236D7B8C9}.Release|x86.ActiveCfg = Release|Win32
		{AD0A78A3-24C2-4AB2-A0B9-86C236D7B8C9}.Release|x86.Build.0 = Release|Win32
	EndGlobalSection
	GlobalSection(SolutionProperties) = preSolution
		HideSolutionNode = FALSE
	EndGlobalSection
	GlobalSection(ExtensibilityGlobals) = postSolution
		SolutionGuid = {FBB5A208-7A36-4A5E-BEF9-9AA2A4601944}
	EndGlobalSection
EndGlobal
