
Microsoft Visual Studio Solution File, Format Version 12.00
# Visual Studio Version 16
VisualStudioVersion = 16.0.31624.102
MinimumVisualStudioVersion = 10.0.40219.1
Project("{8BC9CEB8-8B4A-11D0-8D11-00A0C91BC942}") = "20-运算符-比较运算符", "20-运算符-比较运算符\20-运算符-比较运算符.vcxproj", "{048166E2-F6FC-4E6B-9D89-6B0A7F781A23}"
EndProject
Global
	GlobalSection(SolutionConfigurationPlatforms) = preSolution
		Debug|x64 = Debug|x64
		Debug|x86 = Debug|x86
		Release|x64 = Release|x64
		Release|x86 = Release|x86
	EndGlobalSection
	GlobalSection(ProjectConfigurationPlatforms) = postSolution
		{048166E2-F6FC-4E6B-9D89-6B0A7F781A23}.Debug|x64.ActiveCfg = Debug|x64
		{048166E2-F6FC-4E6B-9D89-6B0A7F781A23}.Debug|x64.Build.0 = Debug|x64
		{048166E2-F6FC-4E6B-9D89-6B0A7F781A23}.Debug|x86.ActiveCfg = Debug|Win32
		{048166E2-F6FC-4E6B-9D89-6B0A7F781A23}.Debug|x86.Build.0 = Debug|Win32
		{048166E2-F6FC-4E6B-9D89-6B0A7F781A23}.Release|x64.ActiveCfg = Release|x64
		{048166E2-F6FC-4E6B-9D89-6B0A7F781A23}.Release|x64.Build.0 = Release|x64
		{048166E2-F6FC-4E6B-9D89-6B0A7F781A23}.Release|x86.ActiveCfg = Release|Win32
		{048166E2-F6FC-4E6B-9D89-6B0A7F781A23}.Release|x86.Build.0 = Release|Win32
	EndGlobalSection
	GlobalSection(SolutionProperties) = preSolution
		HideSolutionNode = FALSE
	EndGlobalSection
	GlobalSection(ExtensibilityGlobals) = postSolution
		SolutionGuid = {7C4C301A-1C10-4109-8C13-99365E995F45}
	EndGlobalSection
EndGlobal
