
Microsoft Visual Studio Solution File, Format Version 12.00
# Visual Studio Version 16
VisualStudioVersion = 16.0.31624.102
MinimumVisualStudioVersion = 10.0.40219.1
Project("{8BC9CEB8-8B4A-11D0-8D11-00A0C91BC942}") = "47 -  二维数组定义方式", "47 -  二维数组定义方式\47 -  二维数组定义方式.vcxproj", "{AB985B72-5876-43B7-AEDA-12AAA4D21087}"
EndProject
Global
	GlobalSection(SolutionConfigurationPlatforms) = preSolution
		Debug|x64 = Debug|x64
		Debug|x86 = Debug|x86
		Release|x64 = Release|x64
		Release|x86 = Release|x86
	EndGlobalSection
	GlobalSection(ProjectConfigurationPlatforms) = postSolution
		{AB985B72-5876-43B7-AEDA-12AAA4D21087}.Debug|x64.ActiveCfg = Debug|x64
		{AB985B72-5876-43B7-AEDA-12AAA4D21087}.Debug|x64.Build.0 = Debug|x64
		{AB985B72-5876-43B7-AEDA-12AAA4D21087}.Debug|x86.ActiveCfg = Debug|Win32
		{AB985B72-5876-43B7-AEDA-12AAA4D21087}.Debug|x86.Build.0 = Debug|Win32
		{AB985B72-5876-43B7-AEDA-12AAA4D21087}.Release|x64.ActiveCfg = Release|x64
		{AB985B72-5876-43B7-AEDA-12AAA4D21087}.Release|x64.Build.0 = Release|x64
		{AB985B72-5876-43B7-AEDA-12AAA4D21087}.Release|x86.ActiveCfg = Release|Win32
		{AB985B72-5876-43B7-AEDA-12AAA4D21087}.Release|x86.Build.0 = Release|Win32
	EndGlobalSection
	GlobalSection(SolutionProperties) = preSolution
		HideSolutionNode = FALSE
	EndGlobalSection
	GlobalSection(ExtensibilityGlobals) = postSolution
		SolutionGuid = {99704287-94AB-4EA1-A257-07E163E00E3E}
	EndGlobalSection
EndGlobal
